
Microsoft Visual Studio Solution File, Format Version 12.00
# Visual Studio Version 17
VisualStudioVersion = 17.6.33927.249
MinimumVisualStudioVersion = 10.0.40219.1
Project("{FAE04EC0-301F-11D3-BF4B-00C04F79EFBC}") = "HighPerformanceVirusScanSample", "HighPerformanceVirusScanSample.csproj", "{B5119D6E-FA94-4DCD-A8AD-37C09B9AC758}"
EndProject
Global
	GlobalSection(SolutionConfigurationPlatforms) = preSolution
		Debug|Any CPU = Debug|Any CPU
		Release|Any CPU = Release|Any CPU
	EndGlobalSection
	GlobalSection(ProjectConfigurationPlatforms) = postSolution
		{B5119D6E-FA94-4DCD-A8AD-37C09B9AC758}.Debug|Any CPU.ActiveCfg = Debug|Any CPU
		{B5119D6E-FA94-4DCD-A8AD-37C09B9AC758}.Debug|Any CPU.Build.0 = Debug|Any CPU
		{B5119D6E-FA94-4DCD-A8AD-37C09B9AC758}.Release|Any CPU.ActiveCfg = Release|Any CPU
		{B5119D6E-FA94-4DCD-A8AD-37C09B9AC758}.Release|Any CPU.Build.0 = Release|Any CPU
	EndGlobalSection
	GlobalSection(SolutionProperties) = preSolution
		HideSolutionNode = FALSE
	EndGlobalSection
	GlobalSection(ExtensibilityGlobals) = postSolution
		SolutionGuid = {791D3278-2BF5-4B94-99B9-3EFD723CE3C5}
	EndGlobalSection
EndGlobal
